
Microsoft Visual Studio Solution File, Format Version 12.00
# Visual Studio 15
VisualStudioVersion = 15.0.27130.2020
MinimumVisualStudioVersion = 10.0.40219.1
Project("{FAE04EC0-301F-11D3-BF4B-00C04F79EFBC}") = "tunnitöö", "tunnitöö\tunnitöö.csproj", "{1D91638A-CFC2-4A66-8C9F-2FAC30D2027A}"
EndProject
Project("{FAE04EC0-301F-11D3-BF4B-00C04F79EFBC}") = "tööobjekt_orjent", "tööobjekt_orjent\tööobjekt_orjent.csproj", "{49464DDD-03D6-42EF-89B1-8D0C67389B40}"
EndProject
Project("{FAE04EC0-301F-11D3-BF4B-00C04F79EFBC}") = "HangMan", "HangMan\HangMan.csproj", "{302F088E-CC6D-4469-BC16-B9077CD7BEC3}"
EndProject
Global
	GlobalSection(SolutionConfigurationPlatforms) = preSolution
		Debug|Any CPU = Debug|Any CPU
		Release|Any CPU = Release|Any CPU
	EndGlobalSection
	GlobalSection(ProjectConfigurationPlatforms) = postSolution
		{1D91638A-CFC2-4A66-8C9F-2FAC30D2027A}.Debug|Any CPU.ActiveCfg = Debug|Any CPU
		{1D91638A-CFC2-4A66-8C9F-2FAC30D2027A}.Debug|Any CPU.Build.0 = Debug|Any CPU
		{1D91638A-CFC2-4A66-8C9F-2FAC30D2027A}.Release|Any CPU.ActiveCfg = Release|Any CPU
		{1D91638A-CFC2-4A66-8C9F-2FAC30D2027A}.Release|Any CPU.Build.0 = Release|Any CPU
		{49464DDD-03D6-42EF-89B1-8D0C67389B40}.Debug|Any CPU.ActiveCfg = Debug|Any CPU
		{49464DDD-03D6-42EF-89B1-8D0C67389B40}.Debug|Any CPU.Build.0 = Debug|Any CPU
		{49464DDD-03D6-42EF-89B1-8D0C67389B40}.Release|Any CPU.ActiveCfg = Release|Any CPU
		{49464DDD-03D6-42EF-89B1-8D0C67389B40}.Release|Any CPU.Build.0 = Release|Any CPU
		{302F088E-CC6D-4469-BC16-B9077CD7BEC3}.Debug|Any CPU.ActiveCfg = Debug|Any CPU
		{302F088E-CC6D-4469-BC16-B9077CD7BEC3}.Debug|Any CPU.Build.0 = Debug|Any CPU
		{302F088E-CC6D-4469-BC16-B9077CD7BEC3}.Release|Any CPU.ActiveCfg = Release|Any CPU
		{302F088E-CC6D-4469-BC16-B9077CD7BEC3}.Release|Any CPU.Build.0 = Release|Any CPU
	EndGlobalSection
	GlobalSection(SolutionProperties) = preSolution
		HideSolutionNode = FALSE
	EndGlobalSection
	GlobalSection(ExtensibilityGlobals) = postSolution
		SolutionGuid = {6F3171E1-1F7D-4FBE-BBAA-909C635B9754}
	EndGlobalSection
EndGlobal
