
Microsoft Visual Studio Solution File, Format Version 12.00
# Visual Studio 15
VisualStudioVersion = 15.0.26730.16
MinimumVisualStudioVersion = 10.0.40219.1
Project("{FAE04EC0-301F-11D3-BF4B-00C04F79EFBC}") = "01-first-Console-Application", "01-first-Console-Application\01-first-Console-Application.csproj", "{BFF5BD7C-A4E2-4E48-856D-20B7D0FE5ED4}"
EndProject
Project("{FAE04EC0-301F-11D3-BF4B-00C04F79EFBC}") = "02-Printing-Out-Text", "02-Printing-Out.Text\02-Printing-Out-Text.csproj", "{6C74661D-77BC-4EB1-AE64-5A0612868C49}"
EndProject
Project("{FAE04EC0-301F-11D3-BF4B-00C04F79EFBC}") = "03-First-User-Input", "03-First-User-Input\03-First-User-Input.csproj", "{8B2BCDBB-4996-40E5-9EB7-FE93B9DA6264}"
EndProject
Project("{FAE04EC0-301F-11D3-BF4B-00C04F79EFBC}") = "04-Sisend-Väjund", "04-Sisend-Väjund\04-Sisend-Väjund.csproj", "{8D033182-911E-4504-B5BF-0A0946439FBE}"
EndProject
Project("{FAE04EC0-301F-11D3-BF4B-00C04F79EFBC}") = "05-parse-calculator", "05-parse-calculator\05-parse-calculator.csproj", "{271D4D89-6087-436D-B7B5-187A672F6DE1}"
EndProject
Project("{FAE04EC0-301F-11D3-BF4B-00C04F79EFBC}") = "05-Parse-Input-Multiply-Divide", "05-Parse-Input-Multiply-Divide\05-Parse-Input-Multiply-Divide.csproj", "{154C14CF-B6F7-4F71-95C4-0E4EE77C1372}"
EndProject
Project("{FAE04EC0-301F-11D3-BF4B-00C04F79EFBC}") = "06-If-Number-Random", "06-If-Number-Random\06-If-Number-Random.csproj", "{BF8CD44C-1EA4-4536-A353-97946400A710}"
EndProject
Global
	GlobalSection(SolutionConfigurationPlatforms) = preSolution
		Debug|Any CPU = Debug|Any CPU
		Release|Any CPU = Release|Any CPU
	EndGlobalSection
	GlobalSection(ProjectConfigurationPlatforms) = postSolution
		{BFF5BD7C-A4E2-4E48-856D-20B7D0FE5ED4}.Debug|Any CPU.ActiveCfg = Debug|Any CPU
		{BFF5BD7C-A4E2-4E48-856D-20B7D0FE5ED4}.Debug|Any CPU.Build.0 = Debug|Any CPU
		{BFF5BD7C-A4E2-4E48-856D-20B7D0FE5ED4}.Release|Any CPU.ActiveCfg = Release|Any CPU
		{BFF5BD7C-A4E2-4E48-856D-20B7D0FE5ED4}.Release|Any CPU.Build.0 = Release|Any CPU
		{6C74661D-77BC-4EB1-AE64-5A0612868C49}.Debug|Any CPU.ActiveCfg = Debug|Any CPU
		{6C74661D-77BC-4EB1-AE64-5A0612868C49}.Debug|Any CPU.Build.0 = Debug|Any CPU
		{6C74661D-77BC-4EB1-AE64-5A0612868C49}.Release|Any CPU.ActiveCfg = Release|Any CPU
		{6C74661D-77BC-4EB1-AE64-5A0612868C49}.Release|Any CPU.Build.0 = Release|Any CPU
		{8B2BCDBB-4996-40E5-9EB7-FE93B9DA6264}.Debug|Any CPU.ActiveCfg = Debug|Any CPU
		{8B2BCDBB-4996-40E5-9EB7-FE93B9DA6264}.Debug|Any CPU.Build.0 = Debug|Any CPU
		{8B2BCDBB-4996-40E5-9EB7-FE93B9DA6264}.Release|Any CPU.ActiveCfg = Release|Any CPU
		{8B2BCDBB-4996-40E5-9EB7-FE93B9DA6264}.Release|Any CPU.Build.0 = Release|Any CPU
		{8D033182-911E-4504-B5BF-0A0946439FBE}.Debug|Any CPU.ActiveCfg = Debug|Any CPU
		{8D033182-911E-4504-B5BF-0A0946439FBE}.Debug|Any CPU.Build.0 = Debug|Any CPU
		{8D033182-911E-4504-B5BF-0A0946439FBE}.Release|Any CPU.ActiveCfg = Release|Any CPU
		{8D033182-911E-4504-B5BF-0A0946439FBE}.Release|Any CPU.Build.0 = Release|Any CPU
		{271D4D89-6087-436D-B7B5-187A672F6DE1}.Debug|Any CPU.ActiveCfg = Debug|Any CPU
		{271D4D89-6087-436D-B7B5-187A672F6DE1}.Debug|Any CPU.Build.0 = Debug|Any CPU
		{271D4D89-6087-436D-B7B5-187A672F6DE1}.Release|Any CPU.ActiveCfg = Release|Any CPU
		{271D4D89-6087-436D-B7B5-187A672F6DE1}.Release|Any CPU.Build.0 = Release|Any CPU
		{154C14CF-B6F7-4F71-95C4-0E4EE77C1372}.Debug|Any CPU.ActiveCfg = Debug|Any CPU
		{154C14CF-B6F7-4F71-95C4-0E4EE77C1372}.Debug|Any CPU.Build.0 = Debug|Any CPU
		{154C14CF-B6F7-4F71-95C4-0E4EE77C1372}.Release|Any CPU.ActiveCfg = Release|Any CPU
		{154C14CF-B6F7-4F71-95C4-0E4EE77C1372}.Release|Any CPU.Build.0 = Release|Any CPU
		{BF8CD44C-1EA4-4536-A353-97946400A710}.Debug|Any CPU.ActiveCfg = Debug|Any CPU
		{BF8CD44C-1EA4-4536-A353-97946400A710}.Debug|Any CPU.Build.0 = Debug|Any CPU
		{BF8CD44C-1EA4-4536-A353-97946400A710}.Release|Any CPU.ActiveCfg = Release|Any CPU
		{BF8CD44C-1EA4-4536-A353-97946400A710}.Release|Any CPU.Build.0 = Release|Any CPU
	EndGlobalSection
	GlobalSection(SolutionProperties) = preSolution
		HideSolutionNode = FALSE
	EndGlobalSection
	GlobalSection(ExtensibilityGlobals) = postSolution
		SolutionGuid = {C00919B4-D418-45B7-85EF-CF4A52093DC5}
	EndGlobalSection
EndGlobal
